// !$*UTF8*$!
{
	archiveVersion = 1;
	classes = {
	};
	objectVersion = 46;
	objects = {

/* Begin PBXBuildFile section */
		1824ECE01CBE0F3F00344CC2 /* main.m in Sources */ = {isa = PBXBuildFile; fileRef = 1824ECDF1CBE0F3F00344CC2 /* main.m */; };
		1824ECE31CBE0F3F00344CC2 /* AppDelegate.m in Sources */ = {isa = PBXBuildFile; fileRef = 1824ECE21CBE0F3F00344CC2 /* AppDelegate.m */; };
		1824ECE61CBE0F3F00344CC2 /* ViewController.m in Sources */ = {isa = PBXBuildFile; fileRef = 1824ECE51CBE0F3F00344CC2 /* ViewController.m */; };
		1824ECE91CBE0F3F00344CC2 /* Main.storyboard in Resources */ = {isa = PBXBuildFile; fileRef = 1824ECE71CBE0F3F00344CC2 /* Main.storyboard */; };
		1824ECEC1CBE0F3F00344CC2 /* ShowViewCountry.xcdatamodeld in Sources */ = {isa = PBXBuildFile; fileRef = 1824ECEA1CBE0F3F00344CC2 /* ShowViewCountry.xcdatamodeld */; };
		1824ECEE1CBE0F3F00344CC2 /* Assets.xcassets in Resources */ = {isa = PBXBuildFile; fileRef = 1824ECED1CBE0F3F00344CC2 /* Assets.xcassets */; };
		1824ECF11CBE0F3F00344CC2 /* LaunchScreen.storyboard in Resources */ = {isa = PBXBuildFile; fileRef = 1824ECEF1CBE0F3F00344CC2 /* LaunchScreen.storyboard */; };
		1824ECFC1CBE0F3F00344CC2 /* ShowViewCountryTests.m in Sources */ = {isa = PBXBuildFile; fileRef = 1824ECFB1CBE0F3F00344CC2 /* ShowViewCountryTests.m */; };
		1824ED071CBE0F3F00344CC2 /* ShowViewCountryUITests.m in Sources */ = {isa = PBXBuildFile; fileRef = 1824ED061CBE0F3F00344CC2 /* ShowViewCountryUITests.m */; };
/* End PBXBuildFile section */

/* Begin PBXContainerItemProxy section */
		1824ECF81CBE0F3F00344CC2 /* PBXContainerItemProxy */ = {
			isa = PBXContainerItemProxy;
			containerPortal = 1824ECD31CBE0F3F00344CC2 /* Project object */;
			proxyType = 1;
			remoteGlobalIDString = 1824ECDA1CBE0F3F00344CC2;
			remoteInfo = ShowViewCountry;
		};
		1824ED031CBE0F3F00344CC2 /* PBXContainerItemProxy */ = {
			isa = PBXContainerItemProxy;
			containerPortal = 1824ECD31CBE0F3F00344CC2 /* Project object */;
			proxyType = 1;
			remoteGlobalIDString = 1824ECDA1CBE0F3F00344CC2;
			remoteInfo = ShowViewCountry;
		};
/* End PBXContainerItemProxy section */

/* Begin PBXFileReference section */
		1824ECDB1CBE0F3F00344CC2 /* ShowViewCountry.app */ = {isa = PBXFileReference; explicitFileType = wrapper.application; includeInIndex = 0; path = ShowViewCountry.app; sourceTree = BUILT_PRODUCTS_DIR; };
		1824ECDF1CBE0F3F00344CC2 /* main.m */ = {isa = PBXFileReference; lastKnownFileType = sourcecode.c.objc; path = main.m; sourceTree = "<group>"; };
		1824ECE11CBE0F3F00344CC2 /* AppDelegate.h */ = {isa = PBXFileReference; lastKnownFileType = sourcecode.c.h; path = AppDelegate.h; sourceTree = "<group>"; };
		1824ECE21CBE0F3F00344CC2 /* AppDelegate.m */ = {isa = PBXFileReference; lastKnownFileType = sourcecode.c.objc; path = AppDelegate.m; sourceTree = "<group>"; };
		1824ECE41CBE0F3F00344CC2 /* ViewController.h */ = {isa = PBXFileReference; lastKnownFileType = sourcecode.c.h; path = ViewController.h; sourceTree = "<group>"; };
		1824ECE51CBE0F3F00344CC2 /* ViewController.m */ = {isa = PBXFileReference; lastKnownFileType = sourcecode.c.objc; path = ViewController.m; sourceTree = "<group>"; };
		1824ECE81CBE0F3F00344CC2 /* Base */ = {isa = PBXFileReference; lastKnownFileType = file.storyboard; name = Base; path = Base.lproj/Main.storyboard; sourceTree = "<group>"; };
		1824ECEB1CBE0F3F00344CC2 /* ShowViewCountry.xcdatamodel */ = {isa = PBXFileReference; lastKnownFileType = wrapper.xcdatamodel; path = ShowViewCountry.xcdatamodel; sourceTree = "<group>"; };
		1824ECED1CBE0F3F00344CC2 /* Assets.xcassets */ = {isa = PBXFileReference; lastKnownFileType = folder.assetcatalog; path = Assets.xcassets; sourceTree = "<group>"; };
		1824ECF01CBE0F3F00344CC2 /* Base */ = {isa = PBXFileReference; lastKnownFileType = file.storyboard; name = Base; path = Base.lproj/LaunchScreen.storyboard; sourceTree = "<group>"; };
		1824ECF21CBE0F3F00344CC2 /* Info.plist */ = {isa = PBXFileReference; lastKnownFileType = text.plist.xml; path = Info.plist; sourceTree = "<group>"; };
		1824ECF71CBE0F3F00344CC2 /* ShowViewCountryTests.xctest */ = {isa = PBXFileReference; explicitFileType = wrapper.cfbundle; includeInIndex = 0; path = ShowViewCountryTests.xctest; sourceTree = BUILT_PRODUCTS_DIR; };
		1824ECFB1CBE0F3F00344CC2 /* ShowViewCountryTests.m */ = {isa = PBXFileReference; lastKnownFileType = sourcecode.c.objc; path = ShowViewCountryTests.m; sourceTree = "<group>"; };
		1824ECFD1CBE0F3F00344CC2 /* Info.plist */ = {isa = PBXFileReference; lastKnownFileType = text.plist.xml; path = Info.plist; sourceTree = "<group>"; };
		1824ED021CBE0F3F00344CC2 /* ShowViewCountryUITests.xctest */ = {isa = PBXFileReference; explicitFileType = wrapper.cfbundle; includeInIndex = 0; path = ShowViewCountryUITests.xctest; sourceTree = BUILT_PRODUCTS_DIR; };
		1824ED061CBE0F3F00344CC2 /* ShowViewCountryUITests.m */ = {isa = PBXFileReference; lastKnownFileType = sourcecode.c.objc; path = ShowViewCountryUITests.m; sourceTree = "<group>"; };
		1824ED081CBE0F3F00344CC2 /* Info.plist */ = {isa = PBXFileReference; lastKnownFileType = text.plist.xml; path = Info.plist; sourceTree = "<group>"; };
/* End PBXFileReference section */

/* Begin PBXFrameworksBuildPhase section */
		1824ECD81CBE0F3F00344CC2 /* Frameworks */ = {
			isa = PBXFrameworksBuildPhase;
			buildActionMask = 2147483647;
			files = (
			);
			runOnlyForDeploymentPostprocessing = 0;
		};
		1824ECF41CBE0F3F00344CC2 /* Frameworks */ = {
			isa = PBXFrameworksBuildPhase;
			buildActionMask = 2147483647;
			files = (
			);
			runOnlyForDeploymentPostprocessing = 0;
		};
		1824ECFF1CBE0F3F00344CC2 /* Frameworks */ = {
			isa = PBXFrameworksBuildPhase;
			buildActionMask = 2147483647;
			files = (
			);
			runOnlyForDeploymentPostprocessing = 0;
		};
/* End PBXFrameworksBuildPhase section */

/* Begin PBXGroup section */
		1824ECD21CBE0F3F00344CC2 = {
			isa = PBXGroup;
			children = (
				1824ECDD1CBE0F3F00344CC2 /* ShowViewCountry */,
				1824ECFA1CBE0F3F00344CC2 /* ShowViewCountryTests */,
				1824ED051CBE0F3F00344CC2 /* ShowViewCountryUITests */,
				1824ECDC1CBE0F3F00344CC2 /* Products */,
			);
			sourceTree = "<group>";
		};
		1824ECDC1CBE0F3F00344CC2 /* Products */ = {
			isa = PBXGroup;
			children = (
				1824ECDB1CBE0F3F00344CC2 /* ShowViewCountry.app */,
				1824ECF71CBE0F3F00344CC2 /* ShowViewCountryTests.xctest */,
				1824ED021CBE0F3F00344CC2 /* ShowViewCountryUITests.xctest */,
			);
			name = Products;
			sourceTree = "<group>";
		};
		1824ECDD1CBE0F3F00344CC2 /* ShowViewCountry */ = {
			isa = PBXGroup;
			children = (
				1824ECE11CBE0F3F00344CC2 /* AppDelegate.h */,
				1824ECE21CBE0F3F00344CC2 /* AppDelegate.m */,
				1824ECE41CBE0F3F00344CC2 /* ViewController.h */,
				1824ECE51CBE0F3F00344CC2 /* ViewController.m */,
				1824ECE71CBE0F3F00344CC2 /* Main.storyboard */,
				1824ECED1CBE0F3F00344CC2 /* Assets.xcassets */,
				1824ECEF1CBE0F3F00344CC2 /* LaunchScreen.storyboard */,
				1824ECF21CBE0F3F00344CC2 /* Info.plist */,
				1824ECEA1CBE0F3F00344CC2 /* ShowViewCountry.xcdatamodeld */,
				1824ECDE1CBE0F3F00344CC2 /* Supporting Files */,
			);
			path = ShowViewCountry;
			sourceTree = "<group>";
		};
		1824ECDE1CBE0F3F00344CC2 /* Supporting Files */ = {
			isa = PBXGroup;
			children = (
				1824ECDF1CBE0F3F00344CC2 /* main.m */,
			);
			name = "Supporting Files";
			sourceTree = "<group>";
		};
		1824ECFA1CBE0F3F00344CC2 /* ShowViewCountryTests */ = {
			isa = PBXGroup;
			children = (
				1824ECFB1CBE0F3F00344CC2 /* ShowViewCountryTests.m */,
				1824ECFD1CBE0F3F00344CC2 /* Info.plist */,
			);
			path = ShowViewCountryTests;
			sourceTree = "<group>";
		};
		1824ED051CBE0F3F00344CC2 /* ShowViewCountryUITests */ = {
			isa = PBXGroup;
			children = (
				1824ED061CBE0F3F00344CC2 /* ShowViewCountryUITests.m */,
				1824ED081CBE0F3F00344CC2 /* Info.plist */,
			);
			path = ShowViewCountryUITests;
			sourceTree = "<group>";
		};
/* End PBXGroup section */

/* Begin PBXNativeTarget section */
		1824ECDA1CBE0F3F00344CC2 /* ShowViewCountry */ = {
			isa = PBXNativeTarget;
			buildConfigurationList = 1824ED0B1CBE0F3F00344CC2 /* Build configuration list for PBXNativeTarget "ShowViewCountry" */;
			buildPhases = (
				1824ECD71CBE0F3F00344CC2 /* Sources */,
				1824ECD81CBE0F3F00344CC2 /* Frameworks */,
				1824ECD91CBE0F3F00344CC2 /* Resources */,
			);
			buildRules = (
			);
			dependencies = (
			);
			name = ShowViewCountry;
			productName = ShowViewCountry;
			productReference = 1824ECDB1CBE0F3F00344CC2 /* ShowViewCountry.app */;
			productType = "com.apple.product-type.application";
		};
		1824ECF61CBE0F3F00344CC2 /* ShowViewCountryTests */ = {
			isa = PBXNativeTarget;
			buildConfigurationList = 1824ED0E1CBE0F3F00344CC2 /* Build configuration list for PBXNativeTarget "ShowViewCountryTests" */;
			buildPhases = (
				1824ECF31CBE0F3F00344CC2 /* Sources */,
				1824ECF41CBE0F3F00344CC2 /* Frameworks */,
				1824ECF51CBE0F3F00344CC2 /* Resources */,
			);
			buildRules = (
			);
			dependencies = (
				1824ECF91CBE0F3F00344CC2 /* PBXTargetDependency */,
			);
			name = ShowViewCountryTests;
			productName = ShowViewCountryTests;
			productReference = 1824ECF71CBE0F3F00344CC2 /* ShowViewCountryTests.xctest */;
			productType = "com.apple.product-type.bundle.unit-test";
		};
		1824ED011CBE0F3F00344CC2 /* ShowViewCountryUITests */ = {
			isa = PBXNativeTarget;
			buildConfigurationList = 1824ED111CBE0F3F00344CC2 /* Build configuration list for PBXNativeTarget "ShowViewCountryUITests" */;
			buildPhases = (
				1824ECFE1CBE0F3F00344CC2 /* Sources */,
				1824ECFF1CBE0F3F00344CC2 /* Frameworks */,
				1824ED001CBE0F3F00344CC2 /* Resources */,
			);
			buildRules = (
			);
			dependencies = (
				1824ED041CBE0F3F00344CC2 /* PBXTargetDependency */,
			);
			name = ShowViewCountryUITests;
			productName = ShowViewCountryUITests;
			productReference = 1824ED021CBE0F3F00344CC2 /* ShowViewCountryUITests.xctest */;
			productType = "com.apple.product-type.bundle.ui-testing";
		};
/* End PBXNativeTarget section */

/* Begin PBXProject section */
		1824ECD31CBE0F3F00344CC2 /* Project object */ = {
			isa = PBXProject;
			attributes = {
				LastUpgradeCheck = 0730;
				ORGANIZATIONNAME = apple;
				TargetAttributes = {
					1824ECDA1CBE0F3F00344CC2 = {
						CreatedOnToolsVersion = 7.3;
						DevelopmentTeam = 4275VJK4FA;
					};
					1824ECF61CBE0F3F00344CC2 = {
						CreatedOnToolsVersion = 7.3;
						DevelopmentTeam = 4275VJK4FA;
						TestTargetID = 1824ECDA1CBE0F3F00344CC2;
					};
					1824ED011CBE0F3F00344CC2 = {
						CreatedOnToolsVersion = 7.3;
						DevelopmentTeam = 4275VJK4FA;
						TestTargetID = 1824ECDA1CBE0F3F00344CC2;
					};
				};
			};
			buildConfigurationList = 1824ECD61CBE0F3F00344CC2 /* Build configuration list for PBXProject "ShowViewCountry" */;
			compatibilityVersion = "Xcode 3.2";
			developmentRegion = English;
			hasScannedForEncodings = 0;
			knownRegions = (
				en,
				Base,
			);
			mainGroup = 1824ECD21CBE0F3F00344CC2;
			productRefGroup = 1824ECDC1CBE0F3F00344CC2 /* Products */;
			projectDirPath = "";
			projectRoot = "";
			targets = (
				1824ECDA1CBE0F3F00344CC2 /* ShowViewCountry */,
				1824ECF61CBE0F3F00344CC2 /* ShowViewCountryTests */,
				1824ED011CBE0F3F00344CC2 /* ShowViewCountryUITests */,
			);
		};
/* End PBXProject section */

/* Begin PBXResourcesBuildPhase section */
		1824ECD91CBE0F3F00344CC2 /* Resources */ = {
			isa = PBXResourcesBuildPhase;
			buildActionMask = 2147483647;
			files = (
				1824ECF11CBE0F3F00344CC2 /* LaunchScreen.storyboard in Resources */,
				1824ECEE1CBE0F3F00344CC2 /* Assets.xcassets in Resources */,
				1824ECE91CBE0F3F00344CC2 /* Main.storyboard in Resources */,
			);
			runOnlyForDeploymentPostprocessing = 0;
		};
		1824ECF51CBE0F3F00344CC2 /* Resources */ = {
			isa = PBXResourcesBuildPhase;
			buildActionMask = 2147483647;
			files = (
			);
			runOnlyForDeploymentPostprocessing = 0;
		};
		1824ED001CBE0F3F00344CC2 /* Resources */ = {
			isa = PBXResourcesBuildPhase;
			buildActionMask = 2147483647;
			files = (
			);
			runOnlyForDeploymentPostprocessing = 0;
		};
/* End PBXResourcesBuildPhase section */

/* Begin PBXSourcesBuildPhase section */
		1824ECD71CBE0F3F00344CC2 /* Sources */ = {
			isa = PBXSourcesBuildPhase;
			buildActionMask = 2147483647;
			files = (
				1824ECEC1CBE0F3F00344CC2 /* ShowViewCountry.xcdatamodeld in Sources */,
				1824ECE61CBE0F3F00344CC2 /* ViewController.m in Sources */,
				1824ECE31CBE0F3F00344CC2 /* AppDelegate.m in Sources */,
				1824ECE01CBE0F3F00344CC2 /* main.m in Sources */,
			);
			runOnlyForDeploymentPostprocessing = 0;
		};
		1824ECF31CBE0F3F00344CC2 /* Sources */ = {
			isa = PBXSourcesBuildPhase;
			buildActionMask = 2147483647;
			files = (
				1824ECFC1CBE0F3F00344CC2 /* ShowViewCountryTests.m in Sources */,
			);
			runOnlyForDeploymentPostprocessing = 0;
		};
		1824ECFE1CBE0F3F00344CC2 /* Sources */ = {
			isa = PBXSourcesBuildPhase;
			buildActionMask = 2147483647;
			files = (
				1824ED071CBE0F3F00344CC2 /* ShowViewCountryUITests.m in Sources */,
			);
			runOnlyForDeploymentPostprocessing = 0;
		};
/* End PBXSourcesBuildPhase section */

/* Begin PBXTargetDependency section */
		1824ECF91CBE0F3F00344CC2 /* PBXTargetDependency */ = {
			isa = PBXTargetDependency;
			target = 1824ECDA1CBE0F3F00344CC2 /* ShowViewCountry */;
			targetProxy = 1824ECF81CBE0F3F00344CC2 /* PBXContainerItemProxy */;
		};
		1824ED041CBE0F3F00344CC2 /* PBXTargetDependency */ = {
			isa = PBXTargetDependency;
			target = 1824ECDA1CBE0F3F00344CC2 /* ShowViewCountry */;
			targetProxy = 1824ED031CBE0F3F00344CC2 /* PBXContainerItemProxy */;
		};
/* End PBXTargetDependency section */

/* Begin PBXVariantGroup section */
		1824ECE71CBE0F3F00344CC2 /* Main.storyboard */ = {
			isa = PBXVariantGroup;
			children = (
				1824ECE81CBE0F3F00344CC2 /* Base */,
			);
			name = Main.storyboard;
			sourceTree = "<group>";
		};
		1824ECEF1CBE0F3F00344CC2 /* LaunchScreen.storyboard */ = {
			isa = PBXVariantGroup;
			children = (
				1824ECF01CBE0F3F00344CC2 /* Base */,
			);
			name = LaunchScreen.storyboard;
			sourceTree = "<group>";
		};
/* End PBXVariantGroup section */

/* Begin XCBuildConfiguration section */
		1824ED091CBE0F3F00344CC2 /* Debug */ = {
			isa = XCBuildConfiguration;
			buildSettings = {
				ALWAYS_SEARCH_USER_PATHS = NO;
				CLANG_ANALYZER_NONNULL = YES;
				CLANG_CXX_LANGUAGE_STANDARD = "gnu++0x";
				CLANG_CXX_LIBRARY = "libc++";
				CLANG_ENABLE_MODULES = YES;
				CLANG_ENABLE_OBJC_ARC = YES;
				CLANG_WARN_BOOL_CONVERSION = YES;
				CLANG_WARN_CONSTANT_CONVERSION = YES;
				CLANG_WARN_DIRECT_OBJC_ISA_USAGE = YES_ERROR;
				CLANG_WARN_EMPTY_BODY = YES;
				CLANG_WARN_ENUM_CONVERSION = YES;
				CLANG_WARN_INT_CONVERSION = YES;
				CLANG_WARN_OBJC_ROOT_CLASS = YES_ERROR;
				CLANG_WARN_UNREACHABLE_CODE = YES;
				CLANG_WARN__DUPLICATE_METHOD_MATCH = YES;
				"CODE_SIGN_IDENTITY[sdk=iphoneos*]" = "iPhone Developer";
				COPY_PHASE_STRIP = NO;
				DEBUG_INFORMATION_FORMAT = dwarf;
				ENABLE_STRICT_OBJC_MSGSEND = YES;
				ENABLE_TESTABILITY = YES;
				GCC_C_LANGUAGE_STANDARD = gnu99;
				GCC_DYNAMIC_NO_PIC = NO;
				GCC_NO_COMMON_BLOCKS = YES;
				GCC_OPTIMIZATION_LEVEL = 0;
				GCC_PREPROCESSOR_DEFINITIONS = (
					"DEBUG=1",
					"$(inherited)",
				);
				GCC_WARN_64_TO_32_BIT_CONVERSION = YES;
				GCC_WARN_ABOUT_RETURN_TYPE = YES_ERROR;
				GCC_WARN_UNDECLARED_SELECTOR = YES;
				GCC_WARN_UNINITIALIZED_AUTOS = YES_AGGRESSIVE;
				GCC_WARN_UNUSED_FUNCTION = YES;
				GCC_WARN_UNUSED_VARIABLE = YES;
				IPHONEOS_DEPLOYMENT_TARGET = 9.3;
				MTL_ENABLE_DEBUG_INFO = YES;
				ONLY_ACTIVE_ARCH = YES;
				SDKROOT = iphoneos;
			};
			name = Debug;
		};
		1824ED0A1CBE0F3F00344CC2 /* Release */ = {
			isa = XCBuildConfiguration;
			buildSettings = {
				ALWAYS_SEARCH_USER_PATHS = NO;
				CLANG_ANALYZER_NONNULL = YES;
				CLANG_CXX_LANGUAGE_STANDARD = "gnu++0x";
				CLANG_CXX_LIBRARY = "libc++";
				CLANG_ENABLE_MODULES = YES;
				CLANG_ENABLE_OBJC_ARC = YES;
				CLANG_WARN_BOOL_CONVERSION = YES;
				CLANG_WARN_CONSTANT_CONVERSION = YES;
				CLANG_WARN_DIRECT_OBJC_ISA_USAGE = YES_ERROR;
				CLANG_WARN_EMPTY_BODY = YES;
				CLANG_WARN_ENUM_CONVERSION = YES;
				CLANG_WARN_INT_CONVERSION = YES;
				CLANG_WARN_OBJC_ROOT_CLASS = YES_ERROR;
				CLANG_WARN_UNREACHABLE_CODE = YES;
				CLANG_WARN__DUPLICATE_METHOD_MATCH = YES;
				"CODE_SIGN_IDENTITY[sdk=iphoneos*]" = "iPhone Developer";
				COPY_PHASE_STRIP = NO;
				DEBUG_INFORMATION_FORMAT = "dwarf-with-dsym";
				ENABLE_NS_ASSERTIONS = NO;
				ENABLE_STRICT_OBJC_MSGSEND = YES;
				GCC_C_LANGUAGE_STANDARD = gnu99;
				GCC_NO_COMMON_BLOCKS = YES;
				GCC_WARN_64_TO_32_BIT_CONVERSION = YES;
				GCC_WARN_ABOUT_RETURN_TYPE = YES_ERROR;
				GCC_WARN_UNDECLARED_SELECTOR = YES;
				GCC_WARN_UNINITIALIZED_AUTOS = YES_AGGRESSIVE;
				GCC_WARN_UNUSED_FUNCTION = YES;
				GCC_WARN_UNUSED_VARIABLE = YES;
				IPHONEOS_DEPLOYMENT_TARGET = 9.3;
				MTL_ENABLE_DEBUG_INFO = NO;
				SDKROOT = iphoneos;
				VALIDATE_PRODUCT = YES;
			};
			name = Release;
		};
		1824ED0C1CBE0F3F00344CC2 /* Debug */ = {
			isa = XCBuildConfiguration;
			buildSettings = {
				ASSETCATALOG_COMPILER_APPICON_NAME = AppIcon;
				INFOPLIST_FILE = ShowViewCountry/Info.plist;
				LD_RUNPATH_SEARCH_PATHS = "$(inherited) @executable_path/Frameworks";
				PRODUCT_BUNDLE_IDENTIFIER = DSDJ.ShowViewCountry;
				PRODUCT_NAME = "$(TARGET_NAME)";
			};
			name = Debug;
		};
		1824ED0D1CBE0F3F00344CC2 /* Release */ = {
			isa = XCBuildConfiguration;
			buildSettings = {
				ASSETCATALOG_COMPILER_APPICON_NAME = AppIcon;
				INFOPLIST_FILE = ShowViewCountry/Info.plist;
				LD_RUNPATH_SEARCH_PATHS = "$(inherited) @executable_path/Frameworks";
				PRODUCT_BUNDLE_IDENTIFIER = DSDJ.ShowViewCountry;
				PRODUCT_NAME = "$(TARGET_NAME)";
			};
			name = Release;
		};
		1824ED0F1CBE0F3F00344CC2 /* Debug */ = {
			isa = XCBuildConfiguration;
			buildSettings = {
				BUNDLE_LOADER = "$(TEST_HOST)";
				INFOPLIST_FILE = ShowViewCountryTests/Info.plist;
				LD_RUNPATH_SEARCH_PATHS = "$(inherited) @executable_path/Frameworks @loader_path/Frameworks";
				PRODUCT_BUNDLE_IDENTIFIER = DSDJ.ShowViewCountryTests;
				PRODUCT_NAME = "$(TARGET_NAME)";
				TEST_HOST = "$(BUILT_PRODUCTS_DIR)/ShowViewCountry.app/ShowViewCountry";
			};
			name = Debug;
		};
		1824ED101CBE0F3F00344CC2 /* Release */ = {
			isa = XCBuildConfiguration;
			buildSettings = {
				BUNDLE_LOADER = "$(TEST_HOST)";
				INFOPLIST_FILE = ShowViewCountryTests/Info.plist;
				LD_RUNPATH_SEARCH_PATHS = "$(inherited) @executable_path/Frameworks @loader_path/Frameworks";
				PRODUCT_BUNDLE_IDENTIFIER = DSDJ.ShowViewCountryTests;
				PRODUCT_NAME = "$(TARGET_NAME)";
				TEST_HOST = "$(BUILT_PRODUCTS_DIR)/ShowViewCountry.app/ShowViewCountry";
			};
			name = Release;
		};
		1824ED121CBE0F3F00344CC2 /* Debug */ = {
			isa = XCBuildConfiguration;
			buildSettings = {
				INFOPLIST_FILE = ShowViewCountryUITests/Info.plist;
				LD_RUNPATH_SEARCH_PATHS = "$(inherited) @executable_path/Frameworks @loader_path/Frameworks";
				PRODUCT_BUNDLE_IDENTIFIER = DSDJ.ShowViewCountryUITests;
				PRODUCT_NAME = "$(TARGET_NAME)";
				TEST_TARGET_NAME = ShowViewCountry;
			};
			name = Debug;
		};
		1824ED131CBE0F3F00344CC2 /* Release */ = {
			isa = XCBuildConfiguration;
			buildSettings = {
				INFOPLIST_FILE = ShowViewCountryUITests/Info.plist;
				LD_RUNPATH_SEARCH_PATHS = "$(inherited) @executable_path/Frameworks @loader_path/Frameworks";
				PRODUCT_BUNDLE_IDENTIFIER = DSDJ.ShowViewCountryUITests;
				PRODUCT_NAME = "$(TARGET_NAME)";
				TEST_TARGET_NAME = ShowViewCountry;
			};
			name = Release;
		};
/* End XCBuildConfiguration section */

/* Begin XCConfigurationList section */
		1824ECD61CBE0F3F00344CC2 /* Build configuration list for PBXProject "ShowViewCountry" */ = {
			isa = XCConfigurationList;
			buildConfigurations = (
				1824ED091CBE0F3F00344CC2 /* Debug */,
				1824ED0A1CBE0F3F00344CC2 /* Release */,
			);
			defaultConfigurationIsVisible = 0;
			defaultConfigurationName = Release;
		};
		1824ED0B1CBE0F3F00344CC2 /* Build configuration list for PBXNativeTarget "ShowViewCountry" */ = {
			isa = XCConfigurationList;
			buildConfigurations = (
				1824ED0C1CBE0F3F00344CC2 /* Debug */,
				1824ED0D1CBE0F3F00344CC2 /* Release */,
			);
			defaultConfigurationIsVisible = 0;
		};
		1824ED0E1CBE0F3F00344CC2 /* Build configuration list for PBXNativeTarget "ShowViewCountryTests" */ = {
			isa = XCConfigurationList;
			buildConfigurations = (
				1824ED0F1CBE0F3F00344CC2 /* Debug */,
				1824ED101CBE0F3F00344CC2 /* Release */,
			);
			defaultConfigurationIsVisible = 0;
		};
		1824ED111CBE0F3F00344CC2 /* Build configuration list for PBXNativeTarget "ShowViewCountryUITests" */ = {
			isa = XCConfigurationList;
			buildConfigurations = (
				1824ED121CBE0F3F00344CC2 /* Debug */,
				1824ED131CBE0F3F00344CC2 /* Release */,
			);
			defaultConfigurationIsVisible = 0;
		};
/* End XCConfigurationList section */

/* Begin XCVersionGroup section */
		1824ECEA1CBE0F3F00344CC2 /* ShowViewCountry.xcdatamodeld */ = {
			isa = XCVersionGroup;
			children = (
				1824ECEB1CBE0F3F00344CC2 /* ShowViewCountry.xcdatamodel */,
			);
			currentVersion = 1824ECEB1CBE0F3F00344CC2 /* ShowViewCountry.xcdatamodel */;
			path = ShowViewCountry.xcdatamodeld;
			sourceTree = "<group>";
			versionGroupType = wrapper.xcdatamodel;
		};
/* End XCVersionGroup section */
	};
	rootObject = 1824ECD31CBE0F3F00344CC2 /* Project object */;
}
